
Microsoft Visual Studio Solution File, Format Version 12.00
# Visual Studio Version 16
VisualStudioVersion = 16.0.29409.12
MinimumVisualStudioVersion = 10.0.40219.1
Project("{FAE04EC0-301F-11D3-BF4B-00C04F79EFBC}") = "PolyCode", "PolyCode.csproj", "{0AE828D1-9089-4B49-95D9-7CE3A81DC537}"
EndProject
Project("{FAE04EC0-301F-11D3-BF4B-00C04F79EFBC}") = "PolyCodeTests1", "..\PolyCodeTests1\PolyCodeTests1.csproj", "{FEED23E9-D9DB-4886-8F4C-6A649D0F3380}"
EndProject
Global
	GlobalSection(SolutionConfigurationPlatforms) = preSolution
		Debug|Any CPU = Debug|Any CPU
		Release|Any CPU = Release|Any CPU
	EndGlobalSection
	GlobalSection(ProjectConfigurationPlatforms) = postSolution
		{0AE828D1-9089-4B49-95D9-7CE3A81DC537}.Debug|Any CPU.ActiveCfg = Debug|Any CPU
		{0AE828D1-9089-4B49-95D9-7CE3A81DC537}.Debug|Any CPU.Build.0 = Debug|Any CPU
		{0AE828D1-9089-4B49-95D9-7CE3A81DC537}.Release|Any CPU.ActiveCfg = Release|Any CPU
		{0AE828D1-9089-4B49-95D9-7CE3A81DC537}.Release|Any CPU.Build.0 = Release|Any CPU
		{FEED23E9-D9DB-4886-8F4C-6A649D0F3380}.Debug|Any CPU.ActiveCfg = Debug|Any CPU
		{FEED23E9-D9DB-4886-8F4C-6A649D0F3380}.Debug|Any CPU.Build.0 = Debug|Any CPU
		{FEED23E9-D9DB-4886-8F4C-6A649D0F3380}.Release|Any CPU.ActiveCfg = Release|Any CPU
		{FEED23E9-D9DB-4886-8F4C-6A649D0F3380}.Release|Any CPU.Build.0 = Release|Any CPU
	EndGlobalSection
	GlobalSection(SolutionProperties) = preSolution
		HideSolutionNode = FALSE
	EndGlobalSection
	GlobalSection(ExtensibilityGlobals) = postSolution
		SolutionGuid = {9AD4BD97-2721-4834-B953-D490182368C2}
	EndGlobalSection
EndGlobal
